
Microsoft Visual Studio Solution File, Format Version 12.00
# Visual Studio Version 17
VisualStudioVersion = 17.12.35514.174 d17.12
MinimumVisualStudioVersion = 10.0.40219.1
Project("{FAE04EC0-301F-11D3-BF4B-00C04F79EFBC}") = "FlverInfoDump", "FlverInfoDump\FlverInfoDump.csproj", "{0F1F9853-AAD1-45E2-A2D8-7AF820A9A7FF}"
EndProject
Project("{FAE04EC0-301F-11D3-BF4B-00C04F79EFBC}") = "SoulsFormatsExtended", "..\SoulsFormatsExtended\SoulsFormats\SoulsFormatsExtended.csproj", "{79AC6897-A3D8-4880-A33B-E501936C7514}"
EndProject
Global
	GlobalSection(SolutionConfigurationPlatforms) = preSolution
		Debug|Any CPU = Debug|Any CPU
		Release|Any CPU = Release|Any CPU
	EndGlobalSection
	GlobalSection(ProjectConfigurationPlatforms) = postSolution
		{0F1F9853-AAD1-45E2-A2D8-7AF820A9A7FF}.Debug|Any CPU.ActiveCfg = Debug|Any CPU
		{0F1F9853-AAD1-45E2-A2D8-7AF820A9A7FF}.Debug|Any CPU.Build.0 = Debug|Any CPU
		{0F1F9853-AAD1-45E2-A2D8-7AF820A9A7FF}.Release|Any CPU.ActiveCfg = Release|Any CPU
		{0F1F9853-AAD1-45E2-A2D8-7AF820A9A7FF}.Release|Any CPU.Build.0 = Release|Any CPU
		{79AC6897-A3D8-4880-A33B-E501936C7514}.Debug|Any CPU.ActiveCfg = Debug|Any CPU
		{79AC6897-A3D8-4880-A33B-E501936C7514}.Debug|Any CPU.Build.0 = Debug|Any CPU
		{79AC6897-A3D8-4880-A33B-E501936C7514}.Release|Any CPU.ActiveCfg = Release|Any CPU
		{79AC6897-A3D8-4880-A33B-E501936C7514}.Release|Any CPU.Build.0 = Release|Any CPU
	EndGlobalSection
	GlobalSection(SolutionProperties) = preSolution
		HideSolutionNode = FALSE
	EndGlobalSection
EndGlobal
